github.com/pkg/errors v0.0.0-20171018195549-f15c970de5b7 h1:rRublLXoszYPRZV8Ikd3RTmqVCW289H3FsgqRcfDZhY=
github.com/pkg/errors v0.0.0-20171018195549-f15c970de5b7/go.mod h1:bwawxfHBFNV+L2hUp1rHADufV3IMtnDRdf1r5NINEl0=
golang.org/x/net v0.0.0-20170610001149-1a68b1313cf4 h1:ie586HeTAq0YSmrDnDy1x+7FuSFErSEo0+fISgvTVxM=
golang.org/x/net v0.0.0-20170610001149-1a68b1313cf4/go.mod h1:mL1N/T3taQHkDXs73rZJwtUhF3w3ftmwwsq0BUmARs4=
gopkg.in/gcfg.v1 v1.2.0 h1:0HIbH907iBTAntm+88IJV2qmJALDAh8sPekI9Vc1fm0=
gopkg.in/gcfg.v1 v1.2.0/go.mod h1:yesOnuUOFQAhST5vPY4nbZsb/huCgGGXlipJsBn0b3o=
gopkg.in/resty.v1 v1.0.0-20170925192930-9ac9c42358f7 h1:dS7dTCkfysteLCT5fNNzaHJI8IRUNrEIXiMsD8xFmgI=
gopkg.in/resty.v1 v1.0.0-20170925192930-9ac9c42358f7/go.mod h1:1mA6OszSsvl56saQIH112e7wxVz2D7sSAy4Hp3Z1Fbo=
gopkg.in/warnings.v0 v0.1.1 h1:XM28wIgFzaBmeZ5dNHIpWLQpt/9DGKxk+rCg/22nnYE=
gopkg.in/warnings.v0 v0.1.1/go.mod h1:jksf8JmL6Qr/oQM2OXTHunEvvTAsrWBLb6OOjuVWRNI=
